
Microsoft Visual Studio Solution File, Format Version 12.00
# Visual Studio Version 17
VisualStudioVersion = 17.10.35013.160
MinimumVisualStudioVersion = 10.0.40219.1
Project("{FAE04EC0-301F-11D3-BF4B-00C04F79EFBC}") = "Beauty_A+B", "Beauty_A+B.csproj", "{AA5C60F7-D4DE-4962-8119-9B8AFFBE19B0}"
EndProject
Global
	GlobalSection(SolutionConfigurationPlatforms) = preSolution
		Debug|Any CPU = Debug|Any CPU
		Release|Any CPU = Release|Any CPU
	EndGlobalSection
	GlobalSection(ProjectConfigurationPlatforms) = postSolution
		{AA5C60F7-D4DE-4962-8119-9B8AFFBE19B0}.Debug|Any CPU.ActiveCfg = Debug|Any CPU
		{AA5C60F7-D4DE-4962-8119-9B8AFFBE19B0}.Debug|Any CPU.Build.0 = Debug|Any CPU
		{AA5C60F7-D4DE-4962-8119-9B8AFFBE19B0}.Release|Any CPU.ActiveCfg = Release|Any CPU
		{AA5C60F7-D4DE-4962-8119-9B8AFFBE19B0}.Release|Any CPU.Build.0 = Release|Any CPU
	EndGlobalSection
	GlobalSection(SolutionProperties) = preSolution
		HideSolutionNode = FALSE
	EndGlobalSection
	GlobalSection(ExtensibilityGlobals) = postSolution
		SolutionGuid = {ECCD7D1D-024F-4827-BDC6-1FCC5E7E9738}
	EndGlobalSection
EndGlobal
