
Microsoft Visual Studio Solution File, Format Version 12.00
# Visual Studio Version 17
VisualStudioVersion = 17.10.35013.160
MinimumVisualStudioVersion = 10.0.40219.1
Project("{FAE04EC0-301F-11D3-BF4B-00C04F79EFBC}") = "repeat_A+B", "repeat_A+B.csproj", "{AB21FE0B-7763-4712-9AE1-7066D4044065}"
EndProject
Global
	GlobalSection(SolutionConfigurationPlatforms) = preSolution
		Debug|Any CPU = Debug|Any CPU
		Release|Any CPU = Release|Any CPU
	EndGlobalSection
	GlobalSection(ProjectConfigurationPlatforms) = postSolution
		{AB21FE0B-7763-4712-9AE1-7066D4044065}.Debug|Any CPU.ActiveCfg = Debug|Any CPU
		{AB21FE0B-7763-4712-9AE1-7066D4044065}.Debug|Any CPU.Build.0 = Debug|Any CPU
		{AB21FE0B-7763-4712-9AE1-7066D4044065}.Release|Any CPU.ActiveCfg = Release|Any CPU
		{AB21FE0B-7763-4712-9AE1-7066D4044065}.Release|Any CPU.Build.0 = Release|Any CPU
	EndGlobalSection
	GlobalSection(SolutionProperties) = preSolution
		HideSolutionNode = FALSE
	EndGlobalSection
	GlobalSection(ExtensibilityGlobals) = postSolution
		SolutionGuid = {2F0AF2DD-21F2-4604-8243-4C668B6B5F14}
	EndGlobalSection
EndGlobal
