
Microsoft Visual Studio Solution File, Format Version 12.00
# Visual Studio Version 17
VisualStudioVersion = 17.10.35013.160
MinimumVisualStudioVersion = 10.0.40219.1
Project("{FAE04EC0-301F-11D3-BF4B-00C04F79EFBC}") = "test_result", "test_result.csproj", "{F79B4E39-6EC1-4824-B5BC-E2C31A4070AF}"
EndProject
Global
	GlobalSection(SolutionConfigurationPlatforms) = preSolution
		Debug|Any CPU = Debug|Any CPU
		Release|Any CPU = Release|Any CPU
	EndGlobalSection
	GlobalSection(ProjectConfigurationPlatforms) = postSolution
		{F79B4E39-6EC1-4824-B5BC-E2C31A4070AF}.Debug|Any CPU.ActiveCfg = Debug|Any CPU
		{F79B4E39-6EC1-4824-B5BC-E2C31A4070AF}.Debug|Any CPU.Build.0 = Debug|Any CPU
		{F79B4E39-6EC1-4824-B5BC-E2C31A4070AF}.Release|Any CPU.ActiveCfg = Release|Any CPU
		{F79B4E39-6EC1-4824-B5BC-E2C31A4070AF}.Release|Any CPU.Build.0 = Release|Any CPU
	EndGlobalSection
	GlobalSection(SolutionProperties) = preSolution
		HideSolutionNode = FALSE
	EndGlobalSection
	GlobalSection(ExtensibilityGlobals) = postSolution
		SolutionGuid = {D23B9724-802A-4986-9D7F-5AD2FC3A2B18}
	EndGlobalSection
EndGlobal
