
Microsoft Visual Studio Solution File, Format Version 12.00
# Visual Studio Version 17
VisualStudioVersion = 17.10.35013.160
MinimumVisualStudioVersion = 10.0.40219.1
Project("{FAE04EC0-301F-11D3-BF4B-00C04F79EFBC}") = "Dice", "Dice.csproj", "{B925822A-4EC6-4461-A8F3-FBCF1243CFE9}"
EndProject
Global
	GlobalSection(SolutionConfigurationPlatforms) = preSolution
		Debug|Any CPU = Debug|Any CPU
		Release|Any CPU = Release|Any CPU
	EndGlobalSection
	GlobalSection(ProjectConfigurationPlatforms) = postSolution
		{B925822A-4EC6-4461-A8F3-FBCF1243CFE9}.Debug|Any CPU.ActiveCfg = Debug|Any CPU
		{B925822A-4EC6-4461-A8F3-FBCF1243CFE9}.Debug|Any CPU.Build.0 = Debug|Any CPU
		{B925822A-4EC6-4461-A8F3-FBCF1243CFE9}.Release|Any CPU.ActiveCfg = Release|Any CPU
		{B925822A-4EC6-4461-A8F3-FBCF1243CFE9}.Release|Any CPU.Build.0 = Release|Any CPU
	EndGlobalSection
	GlobalSection(SolutionProperties) = preSolution
		HideSolutionNode = FALSE
	EndGlobalSection
	GlobalSection(ExtensibilityGlobals) = postSolution
		SolutionGuid = {7919CF40-E493-47D0-8CF8-548F0E5AEA4F}
	EndGlobalSection
EndGlobal
