
Microsoft Visual Studio Solution File, Format Version 12.00
# Visual Studio Version 17
VisualStudioVersion = 17.10.35013.160
MinimumVisualStudioVersion = 10.0.40219.1
Project("{FAE04EC0-301F-11D3-BF4B-00C04F79EFBC}") = "A+B", "A+B.csproj", "{1F1C27CC-8D08-43AC-9E5B-BB9805C27302}"
EndProject
Global
	GlobalSection(SolutionConfigurationPlatforms) = preSolution
		Debug|Any CPU = Debug|Any CPU
		Release|Any CPU = Release|Any CPU
	EndGlobalSection
	GlobalSection(ProjectConfigurationPlatforms) = postSolution
		{1F1C27CC-8D08-43AC-9E5B-BB9805C27302}.Debug|Any CPU.ActiveCfg = Debug|Any CPU
		{1F1C27CC-8D08-43AC-9E5B-BB9805C27302}.Debug|Any CPU.Build.0 = Debug|Any CPU
		{1F1C27CC-8D08-43AC-9E5B-BB9805C27302}.Release|Any CPU.ActiveCfg = Release|Any CPU
		{1F1C27CC-8D08-43AC-9E5B-BB9805C27302}.Release|Any CPU.Build.0 = Release|Any CPU
	EndGlobalSection
	GlobalSection(SolutionProperties) = preSolution
		HideSolutionNode = FALSE
	EndGlobalSection
	GlobalSection(ExtensibilityGlobals) = postSolution
		SolutionGuid = {DEBB5A95-2728-4254-BA98-B5C6D9F24875}
	EndGlobalSection
EndGlobal
